
Microsoft Visual Studio Solution File, Format Version 12.00
# Visual Studio Version 17
VisualStudioVersion = 17.3.32825.248
MinimumVisualStudioVersion = 10.0.40219.1
Project("{FAE04EC0-301F-11D3-BF4B-00C04F79EFBC}") = "readTxt", "readTxt\readTxt.csproj", "{C22D3050-D0A5-4608-8B4D-EF321E643DAE}"
EndProject
Global
	GlobalSection(SolutionConfigurationPlatforms) = preSolution
		Debug|Any CPU = Debug|Any CPU
		Release|Any CPU = Release|Any CPU
	EndGlobalSection
	GlobalSection(ProjectConfigurationPlatforms) = postSolution
		{C22D3050-D0A5-4608-8B4D-EF321E643DAE}.Debug|Any CPU.ActiveCfg = Debug|Any CPU
		{C22D3050-D0A5-4608-8B4D-EF321E643DAE}.Debug|Any CPU.Build.0 = Debug|Any CPU
		{C22D3050-D0A5-4608-8B4D-EF321E643DAE}.Release|Any CPU.ActiveCfg = Release|Any CPU
		{C22D3050-D0A5-4608-8B4D-EF321E643DAE}.Release|Any CPU.Build.0 = Release|Any CPU
	EndGlobalSection
	GlobalSection(SolutionProperties) = preSolution
		HideSolutionNode = FALSE
	EndGlobalSection
	GlobalSection(ExtensibilityGlobals) = postSolution
		SolutionGuid = {CE38D979-ADB5-4366-9BB4-6FA79ED7299C}
	EndGlobalSection
EndGlobal
